// !$*UTF8*$!
{
	archiveVersion = 1;
	classes = {
	};
	objectVersion = 46;
	objects = {

/* Begin PBXBuildFile section */
		661F5F5E1DAA963C004AB36C /* Data+HexDescription.swift in Sources */ = {isa = PBXBuildFile; fileRef = 661F5F5D1DAA963C004AB36C /* Data+HexDescription.swift */; };
		66C8957C1B77DF47009A2EF1 /* AppDelegate.swift in Sources */ = {isa = PBXBuildFile; fileRef = 66C8957B1B77DF47009A2EF1 /* AppDelegate.swift */; };
		66C8957E1B77DF47009A2EF1 /* ViewController.swift in Sources */ = {isa = PBXBuildFile; fileRef = 66C8957D1B77DF47009A2EF1 /* ViewController.swift */; };
		66C895811B77DF47009A2EF1 /* Main.storyboard in Resources */ = {isa = PBXBuildFile; fileRef = 66C8957F1B77DF47009A2EF1 /* Main.storyboard */; };
		66C895831B77DF47009A2EF1 /* Assets.xcassets in Resources */ = {isa = PBXBuildFile; fileRef = 66C895821B77DF47009A2EF1 /* Assets.xcassets */; };
		66C895861B77DF47009A2EF1 /* LaunchScreen.storyboard in Resources */ = {isa = PBXBuildFile; fileRef = 66C895841B77DF47009A2EF1 /* LaunchScreen.storyboard */; };
		66F3B6381B77E02300047D32 /* SymmetricCryptor.swift in Sources */ = {isa = PBXBuildFile; fileRef = 66F3B6371B77E02300047D32 /* SymmetricCryptor.swift */; };
/* End PBXBuildFile section */

/* Begin PBXFileReference section */
		661F5F5D1DAA963C004AB36C /* Data+HexDescription.swift */ = {isa = PBXFileReference; fileEncoding = 4; lastKnownFileType = sourcecode.swift; path = "Data+HexDescription.swift"; sourceTree = "<group>"; };
		66C895781B77DF47009A2EF1 /* CommonCryptoInSwift.app */ = {isa = PBXFileReference; explicitFileType = wrapper.application; includeInIndex = 0; path = CommonCryptoInSwift.app; sourceTree = BUILT_PRODUCTS_DIR; };
		66C8957B1B77DF47009A2EF1 /* AppDelegate.swift */ = {isa = PBXFileReference; lastKnownFileType = sourcecode.swift; path = AppDelegate.swift; sourceTree = "<group>"; };
		66C8957D1B77DF47009A2EF1 /* ViewController.swift */ = {isa = PBXFileReference; lastKnownFileType = sourcecode.swift; path = ViewController.swift; sourceTree = "<group>"; };
		66C895801B77DF47009A2EF1 /* Base */ = {isa = PBXFileReference; lastKnownFileType = file.storyboard; name = Base; path = Base.lproj/Main.storyboard; sourceTree = "<group>"; };
		66C895821B77DF47009A2EF1 /* Assets.xcassets */ = {isa = PBXFileReference; lastKnownFileType = folder.assetcatalog; path = Assets.xcassets; sourceTree = "<group>"; };
		66C895851B77DF47009A2EF1 /* Base */ = {isa = PBXFileReference; lastKnownFileType = file.storyboard; name = Base; path = Base.lproj/LaunchScreen.storyboard; sourceTree = "<group>"; };
		66C895871B77DF47009A2EF1 /* Info.plist */ = {isa = PBXFileReference; lastKnownFileType = text.plist.xml; path = Info.plist; sourceTree = "<group>"; };
		66C8958D1B77DF5D009A2EF1 /* CommonCryptoInSwift-Bridging-Header.h */ = {isa = PBXFileReference; lastKnownFileType = sourcecode.c.h; path = "CommonCryptoInSwift-Bridging-Header.h"; sourceTree = "<group>"; };
		66F3B6371B77E02300047D32 /* SymmetricCryptor.swift */ = {isa = PBXFileReference; fileEncoding = 4; lastKnownFileType = sourcecode.swift; path = SymmetricCryptor.swift; sourceTree = "<group>"; };
/* End PBXFileReference section */

/* Begin PBXFrameworksBuildPhase section */
		66C895751B77DF47009A2EF1 /* Frameworks */ = {
			isa = PBXFrameworksBuildPhase;
			buildActionMask = 2147483647;
			files = (
			);
			runOnlyForDeploymentPostprocessing = 0;
		};
/* End PBXFrameworksBuildPhase section */

/* Begin PBXGroup section */
		66C8956F1B77DF47009A2EF1 = {
			isa = PBXGroup;
			children = (
				66C8957A1B77DF47009A2EF1 /* CommonCryptoInSwift */,
				66C895791B77DF47009A2EF1 /* Products */,
			);
			sourceTree = "<group>";
		};
		66C895791B77DF47009A2EF1 /* Products */ = {
			isa = PBXGroup;
			children = (
				66C895781B77DF47009A2EF1 /* CommonCryptoInSwift.app */,
			);
			name = Products;
			sourceTree = "<group>";
		};
		66C8957A1B77DF47009A2EF1 /* CommonCryptoInSwift */ = {
			isa = PBXGroup;
			children = (
				661F5F5D1DAA963C004AB36C /* Data+HexDescription.swift */,
				66C8957B1B77DF47009A2EF1 /* AppDelegate.swift */,
				66C8957D1B77DF47009A2EF1 /* ViewController.swift */,
				66C8957F1B77DF47009A2EF1 /* Main.storyboard */,
				66C895821B77DF47009A2EF1 /* Assets.xcassets */,
				66C895841B77DF47009A2EF1 /* LaunchScreen.storyboard */,
				66C895871B77DF47009A2EF1 /* Info.plist */,
				66C8958D1B77DF5D009A2EF1 /* CommonCryptoInSwift-Bridging-Header.h */,
				66F3B6371B77E02300047D32 /* SymmetricCryptor.swift */,
			);
			path = CommonCryptoInSwift;
			sourceTree = "<group>";
		};
/* End PBXGroup section */

/* Begin PBXNativeTarget section */
		66C895771B77DF47009A2EF1 /* CommonCryptoInSwift */ = {
			isa = PBXNativeTarget;
			buildConfigurationList = 66C8958A1B77DF47009A2EF1 /* Build configuration list for PBXNativeTarget "CommonCryptoInSwift" */;
			buildPhases = (
				66C895741B77DF47009A2EF1 /* Sources */,
				66C895751B77DF47009A2EF1 /* Frameworks */,
				66C895761B77DF47009A2EF1 /* Resources */,
			);
			buildRules = (
			);
			dependencies = (
			);
			name = CommonCryptoInSwift;
			productName = CommonCryptoInSwift;
			productReference = 66C895781B77DF47009A2EF1 /* CommonCryptoInSwift.app */;
			productType = "com.apple.product-type.application";
		};
/* End PBXNativeTarget section */

/* Begin PBXProject section */
		66C895701B77DF47009A2EF1 /* Project object */ = {
			isa = PBXProject;
			attributes = {
				LastSwiftUpdateCheck = 0700;
				LastUpgradeCheck = 0800;
				ORGANIZATIONNAME = "Ignacio Nieto Carvajal";
				TargetAttributes = {
					66C895771B77DF47009A2EF1 = {
						CreatedOnToolsVersion = 7.0;
						LastSwiftMigration = 0800;
					};
				};
			};
			buildConfigurationList = 66C895731B77DF47009A2EF1 /* Build configuration list for PBXProject "CommonCryptoInSwift" */;
			compatibilityVersion = "Xcode 3.2";
			developmentRegion = English;
			hasScannedForEncodings = 0;
			knownRegions = (
				en,
				Base,
			);
			mainGroup = 66C8956F1B77DF47009A2EF1;
			productRefGroup = 66C895791B77DF47009A2EF1 /* Products */;
			projectDirPath = "";
			projectRoot = "";
			targets = (
				66C895771B77DF47009A2EF1 /* CommonCryptoInSwift */,
			);
		};
/* End PBXProject section */

/* Begin PBXResourcesBuildPhase section */
		66C895761B77DF47009A2EF1 /* Resources */ = {
			isa = PBXResourcesBuildPhase;
			buildActionMask = 2147483647;
			files = (
				66C895861B77DF47009A2EF1 /* LaunchScreen.storyboard in Resources */,
				66C895831B77DF47009A2EF1 /* Assets.xcassets in Resources */,
				66C895811B77DF47009A2EF1 /* Main.storyboard in Resources */,
			);
			runOnlyForDeploymentPostprocessing = 0;
		};
/* End PBXResourcesBuildPhase section */

/* Begin PBXSourcesBuildPhase section */
		66C895741B77DF47009A2EF1 /* Sources */ = {
			isa = PBXSourcesBuildPhase;
			buildActionMask = 2147483647;
			files = (
				66C8957E1B77DF47009A2EF1 /* ViewController.swift in Sources */,
				66C8957C1B77DF47009A2EF1 /* AppDelegate.swift in Sources */,
				661F5F5E1DAA963C004AB36C /* Data+HexDescription.swift in Sources */,
				66F3B6381B77E02300047D32 /* SymmetricCryptor.swift in Sources */,
			);
			runOnlyForDeploymentPostprocessing = 0;
		};
/* End PBXSourcesBuildPhase section */

/* Begin PBXVariantGroup section */
		66C8957F1B77DF47009A2EF1 /* Main.storyboard */ = {
			isa = PBXVariantGroup;
			children = (
				66C895801B77DF47009A2EF1 /* Base */,
			);
			name = Main.storyboard;
			sourceTree = "<group>";
		};
		66C895841B77DF47009A2EF1 /* LaunchScreen.storyboard */ = {
			isa = PBXVariantGroup;
			children = (
				66C895851B77DF47009A2EF1 /* Base */,
			);
			name = LaunchScreen.storyboard;
			sourceTree = "<group>";
		};
/* End PBXVariantGroup section */

/* Begin XCBuildConfiguration section */
		66C895881B77DF47009A2EF1 /* Debug */ = {
			isa = XCBuildConfiguration;
			buildSettings = {
				ALWAYS_SEARCH_USER_PATHS = NO;
				CLANG_CXX_LANGUAGE_STANDARD = "gnu++0x";
				CLANG_CXX_LIBRARY = "libc++";
				CLANG_ENABLE_MODULES = YES;
				CLANG_ENABLE_OBJC_ARC = YES;
				CLANG_WARN_BOOL_CONVERSION = YES;
				CLANG_WARN_CONSTANT_CONVERSION = YES;
				CLANG_WARN_DIRECT_OBJC_ISA_USAGE = YES_ERROR;
				CLANG_WARN_EMPTY_BODY = YES;
				CLANG_WARN_ENUM_CONVERSION = YES;
				CLANG_WARN_INFINITE_RECURSION = YES;
				CLANG_WARN_INT_CONVERSION = YES;
				CLANG_WARN_OBJC_ROOT_CLASS = YES_ERROR;
				CLANG_WARN_SUSPICIOUS_MOVE = YES;
				CLANG_WARN_UNREACHABLE_CODE = YES;
				CLANG_WARN__DUPLICATE_METHOD_MATCH = YES;
				"CODE_SIGN_IDENTITY[sdk=iphoneos*]" = "iPhone Developer";
				COPY_PHASE_STRIP = NO;
				DEBUG_INFORMATION_FORMAT = dwarf;
				ENABLE_STRICT_OBJC_MSGSEND = YES;
				ENABLE_TESTABILITY = YES;
				GCC_C_LANGUAGE_STANDARD = gnu99;
				GCC_DYNAMIC_NO_PIC = NO;
				GCC_NO_COMMON_BLOCKS = YES;
				GCC_OPTIMIZATION_LEVEL = 0;
				GCC_PREPROCESSOR_DEFINITIONS = (
					"DEBUG=1",
					"$(inherited)",
				);
				GCC_WARN_64_TO_32_BIT_CONVERSION = YES;
				GCC_WARN_ABOUT_RETURN_TYPE = YES_ERROR;
				GCC_WARN_UNDECLARED_SELECTOR = YES;
				GCC_WARN_UNINITIALIZED_AUTOS = YES_AGGRESSIVE;
				GCC_WARN_UNUSED_FUNCTION = YES;
				GCC_WARN_UNUSED_VARIABLE = YES;
				IPHONEOS_DEPLOYMENT_TARGET = 9.0;
				MTL_ENABLE_DEBUG_INFO = YES;
				ONLY_ACTIVE_ARCH = YES;
				SDKROOT = iphoneos;
				SWIFT_OPTIMIZATION_LEVEL = "-Onone";
			};
			name = Debug;
		};
		66C895891B77DF47009A2EF1 /* Release */ = {
			isa = XCBuildConfiguration;
			buildSettings = {
				ALWAYS_SEARCH_USER_PATHS = NO;
				CLANG_CXX_LANGUAGE_STANDARD = "gnu++0x";
				CLANG_CXX_LIBRARY = "libc++";
				CLANG_ENABLE_MODULES = YES;
				CLANG_ENABLE_OBJC_ARC = YES;
				CLANG_WARN_BOOL_CONVERSION = YES;
				CLANG_WARN_CONSTANT_CONVERSION = YES;
				CLANG_WARN_DIRECT_OBJC_ISA_USAGE = YES_ERROR;
				CLANG_WARN_EMPTY_BODY = YES;
				CLANG_WARN_ENUM_CONVERSION = YES;
				CLANG_WARN_INFINITE_RECURSION = YES;
				CLANG_WARN_INT_CONVERSION = YES;
				CLANG_WARN_OBJC_ROOT_CLASS = YES_ERROR;
				CLANG_WARN_SUSPICIOUS_MOVE = YES;
				CLANG_WARN_UNREACHABLE_CODE = YES;
				CLANG_WARN__DUPLICATE_METHOD_MATCH = YES;
				"CODE_SIGN_IDENTITY[sdk=iphoneos*]" = "iPhone Developer";
				COPY_PHASE_STRIP = NO;
				DEBUG_INFORMATION_FORMAT = "dwarf-with-dsym";
				ENABLE_NS_ASSERTIONS = NO;
				ENABLE_STRICT_OBJC_MSGSEND = YES;
				GCC_C_LANGUAGE_STANDARD = gnu99;
				GCC_NO_COMMON_BLOCKS = YES;
				GCC_WARN_64_TO_32_BIT_CONVERSION = YES;
				GCC_WARN_ABOUT_RETURN_TYPE = YES_ERROR;
				GCC_WARN_UNDECLARED_SELECTOR = YES;
				GCC_WARN_UNINITIALIZED_AUTOS = YES_AGGRESSIVE;
				GCC_WARN_UNUSED_FUNCTION = YES;
				GCC_WARN_UNUSED_VARIABLE = YES;
				IPHONEOS_DEPLOYMENT_TARGET = 9.0;
				MTL_ENABLE_DEBUG_INFO = NO;
				SDKROOT = iphoneos;
				SWIFT_OPTIMIZATION_LEVEL = "-Owholemodule";
				VALIDATE_PRODUCT = YES;
			};
			name = Release;
		};
		66C8958B1B77DF47009A2EF1 /* Debug */ = {
			isa = XCBuildConfiguration;
			buildSettings = {
				ASSETCATALOG_COMPILER_APPICON_NAME = AppIcon;
				CLANG_ENABLE_MODULES = YES;
				INFOPLIST_FILE = CommonCryptoInSwift/Info.plist;
				LD_RUNPATH_SEARCH_PATHS = "$(inherited) @executable_path/Frameworks";
				PRODUCT_BUNDLE_IDENTIFIER = "com.Ignacio-Nieto-Carvajal.CommonCryptoInSwift";
				PRODUCT_NAME = "$(TARGET_NAME)";
				SWIFT_OBJC_BRIDGING_HEADER = "CommonCryptoInSwift/CommonCryptoInSwift-Bridging-Header.h";
				SWIFT_OPTIMIZATION_LEVEL = "-Onone";
				SWIFT_VERSION = 3.0;
			};
			name = Debug;
		};
		66C8958C1B77DF47009A2EF1 /* Release */ = {
			isa = XCBuildConfiguration;
			buildSettings = {
				ASSETCATALOG_COMPILER_APPICON_NAME = AppIcon;
				CLANG_ENABLE_MODULES = YES;
				INFOPLIST_FILE = CommonCryptoInSwift/Info.plist;
				LD_RUNPATH_SEARCH_PATHS = "$(inherited) @executable_path/Frameworks";
				PRODUCT_BUNDLE_IDENTIFIER = "com.Ignacio-Nieto-Carvajal.CommonCryptoInSwift";
				PRODUCT_NAME = "$(TARGET_NAME)";
				SWIFT_OBJC_BRIDGING_HEADER = "CommonCryptoInSwift/CommonCryptoInSwift-Bridging-Header.h";
				SWIFT_VERSION = 3.0;
			};
			name = Release;
		};
/* End XCBuildConfiguration section */

/* Begin XCConfigurationList section */
		66C895731B77DF47009A2EF1 /* Build configuration list for PBXProject "CommonCryptoInSwift" */ = {
			isa = XCConfigurationList;
			buildConfigurations = (
				66C895881B77DF47009A2EF1 /* Debug */,
				66C895891B77DF47009A2EF1 /* Release */,
			);
			defaultConfigurationIsVisible = 0;
			defaultConfigurationName = Release;
		};
		66C8958A1B77DF47009A2EF1 /* Build configuration list for PBXNativeTarget "CommonCryptoInSwift" */ = {
			isa = XCConfigurationList;
			buildConfigurations = (
				66C8958B1B77DF47009A2EF1 /* Debug */,
				66C8958C1B77DF47009A2EF1 /* Release */,
			);
			defaultConfigurationIsVisible = 0;
			defaultConfigurationName = Release;
		};
/* End XCConfigurationList section */
	};
	rootObject = 66C895701B77DF47009A2EF1 /* Project object */;
}
